
Microsoft Visual Studio Solution File, Format Version 12.00
# Visual Studio Version 17
VisualStudioVersion = 17.0.32002.185
MinimumVisualStudioVersion = 10.0.40219.1
Project("{9A19103F-16F7-4668-BE54-9A1E7A4F7556}") = "BLL", "BLL\BLL.csproj", "{BC1936D8-3FD4-40B0-A958-FB6D91D8F119}"
EndProject
Project("{9A19103F-16F7-4668-BE54-9A1E7A4F7556}") = "DAL", "DAL\DAL.csproj", "{55251368-FC76-4B35-9A3E-DE7303888C29}"
EndProject
Project("{9A19103F-16F7-4668-BE54-9A1E7A4F7556}") = "PL", "PL\PL.csproj", "{EF0F9AD6-0E0F-43C4-B32E-279749D27C00}"
EndProject
Project("{FAE04EC0-301F-11D3-BF4B-00C04F79EFBC}") = "BLLTest", "BLLTest\BLLTest.csproj", "{5AFA165C-E7A9-4DFA-A1F2-667CDCD8C996}"
EndProject
Global
	GlobalSection(SolutionConfigurationPlatforms) = preSolution
		Debug|Any CPU = Debug|Any CPU
		Release|Any CPU = Release|Any CPU
	EndGlobalSection
	GlobalSection(ProjectConfigurationPlatforms) = postSolution
		{BC1936D8-3FD4-40B0-A958-FB6D91D8F119}.Debug|Any CPU.ActiveCfg = Debug|Any CPU
		{BC1936D8-3FD4-40B0-A958-FB6D91D8F119}.Debug|Any CPU.Build.0 = Debug|Any CPU
		{BC1936D8-3FD4-40B0-A958-FB6D91D8F119}.Release|Any CPU.ActiveCfg = Release|Any CPU
		{BC1936D8-3FD4-40B0-A958-FB6D91D8F119}.Release|Any CPU.Build.0 = Release|Any CPU
		{55251368-FC76-4B35-9A3E-DE7303888C29}.Debug|Any CPU.ActiveCfg = Debug|Any CPU
		{55251368-FC76-4B35-9A3E-DE7303888C29}.Debug|Any CPU.Build.0 = Debug|Any CPU
		{55251368-FC76-4B35-9A3E-DE7303888C29}.Release|Any CPU.ActiveCfg = Release|Any CPU
		{55251368-FC76-4B35-9A3E-DE7303888C29}.Release|Any CPU.Build.0 = Release|Any CPU
		{EF0F9AD6-0E0F-43C4-B32E-279749D27C00}.Debug|Any CPU.ActiveCfg = Debug|Any CPU
		{EF0F9AD6-0E0F-43C4-B32E-279749D27C00}.Debug|Any CPU.Build.0 = Debug|Any CPU
		{EF0F9AD6-0E0F-43C4-B32E-279749D27C00}.Release|Any CPU.ActiveCfg = Release|Any CPU
		{EF0F9AD6-0E0F-43C4-B32E-279749D27C00}.Release|Any CPU.Build.0 = Release|Any CPU
		{5AFA165C-E7A9-4DFA-A1F2-667CDCD8C996}.Debug|Any CPU.ActiveCfg = Debug|Any CPU
		{5AFA165C-E7A9-4DFA-A1F2-667CDCD8C996}.Debug|Any CPU.Build.0 = Debug|Any CPU
		{5AFA165C-E7A9-4DFA-A1F2-667CDCD8C996}.Release|Any CPU.ActiveCfg = Release|Any CPU
		{5AFA165C-E7A9-4DFA-A1F2-667CDCD8C996}.Release|Any CPU.Build.0 = Release|Any CPU
	EndGlobalSection
	GlobalSection(SolutionProperties) = preSolution
		HideSolutionNode = FALSE
	EndGlobalSection
	GlobalSection(ExtensibilityGlobals) = postSolution
		SolutionGuid = {075E0CBE-EB4F-4F6F-9E44-968286C3903C}
	EndGlobalSection
EndGlobal
